Microsoft Visual Studio Solution File, Format Version 12.00
# Visual Studio 16
VisualStudioVersion = 15.0.28307.168
MinimumVisualStudioVersion = 10.0.40219.1
Project("{F184B08F-C81C-45F6-A57F-5ABD9991F28F}") = "Dashboard_SetMasterFilter", "Dashboard_SetMasterFilter\Dashboard_SetMasterFilter.Net5.vbproj", "{25C77AAC-A8A9-43E8-A861-0852F22B68FA}"
EndProject
Global
	GlobalSection(SolutionConfigurationPlatforms) = preSolution
		Debug|Any CPU = Debug|Any CPU
		Release|Any CPU = Release|Any CPU
	EndGlobalSection
	GlobalSection(ProjectConfigurationPlatforms) = postSolution
		{25C77AAC-A8A9-43E8-A861-0852F22B68FA}.Debug|Any CPU.ActiveCfg = Debug|Any CPU
		{25C77AAC-A8A9-43E8-A861-0852F22B68FA}.Debug|Any CPU.Build.0 = Debug|Any CPU
		{25C77AAC-A8A9-43E8-A861-0852F22B68FA}.Release|Any CPU.ActiveCfg = Release|Any CPU
		{25C77AAC-A8A9-43E8-A861-0852F22B68FA}.Release|Any CPU.Build.0 = Release|Any CPU
	EndGlobalSection
	GlobalSection(SolutionProperties) = preSolution
		HideSolutionNode = FALSE
	EndGlobalSection
	GlobalSection(ExtensibilityGlobals) = postSolution
		SolutionGuid = {71AD547C-36E2-42B1-B32B-17718A8E6266}
	EndGlobalSection
EndGlobal
